
Microsoft Visual Studio Solution File, Format Version 12.00
# Visual Studio Version 17
VisualStudioVersion = 17.4.33110.190
MinimumVisualStudioVersion = 10.0.40219.1
Project("{FAE04EC0-301F-11D3-BF4B-00C04F79EFBC}") = "Chareta", "Chareta\Chareta.csproj", "{7248CFFE-A33E-42B5-8A50-A7D2559BA5A0}"
EndProject
Global
	GlobalSection(SolutionConfigurationPlatforms) = preSolution
		Debug|Any CPU = Debug|Any CPU
		Release|Any CPU = Release|Any CPU
	EndGlobalSection
	GlobalSection(ProjectConfigurationPlatforms) = postSolution
		{7248CFFE-A33E-42B5-8A50-A7D2559BA5A0}.Debug|Any CPU.ActiveCfg = Debug|Any CPU
		{7248CFFE-A33E-42B5-8A50-A7D2559BA5A0}.Debug|Any CPU.Build.0 = Debug|Any CPU
		{7248CFFE-A33E-42B5-8A50-A7D2559BA5A0}.Release|Any CPU.ActiveCfg = Release|Any CPU
		{7248CFFE-A33E-42B5-8A50-A7D2559BA5A0}.Release|Any CPU.Build.0 = Release|Any CPU
	EndGlobalSection
	GlobalSection(SolutionProperties) = preSolution
		HideSolutionNode = FALSE
	EndGlobalSection
	GlobalSection(ExtensibilityGlobals) = postSolution
		SolutionGuid = {C6C52D20-2103-413B-9A74-56266AA7D079}
	EndGlobalSection
EndGlobal
